tag openssl-gost-3.5.8.2
2a12f25127e677e3028ebf4e25aaadee3388bf70b99bb08d76d7f1c3cd1b7a99  openssl-gost-linux-arm64.zip
907c6c59811cc1b858f2a100dc5bf4fea859422bd8a7bce324863e6d7002326b  openssl-gost-linux-x64.zip
a6b4176589528bcf53d619de7f1c1774965b80a7d10fc70e625b479729156211  openssl-gost-macos-universal.zip
5bf56cf06e0646d9d24104c3e702318a34bb20974a64bb92d3a4a78a16d15265  openssl-gost-windows-arm64.zip
af125b45e110e9bd33dbe0593ccc15c2aca6055bedabc3ab678f40abf562bcf7  openssl-gost-windows-x64.zip
3be477e193de307eb500eb754a579586c05626cd37bb15b93e7ae3b26d3958d9  openssl-gost-windows-x86.zip
